
Microsoft Visual Studio Solution File, Format Version 12.00
# Visual Studio Version 17
VisualStudioVersion = 17.9.34607.119
MinimumVisualStudioVersion = 10.0.40219.1
Project("{FAE04EC0-301F-11D3-BF4B-00C04F79EFBC}") = "MyFirstApp", "MyFirstApp\MyFirstApp.csproj", "{BBFCB33F-56D5-4A60-B902-F6E9200F0CB1}"
EndProject
Global
	GlobalSection(SolutionConfigurationPlatforms) = preSolution
		Debug|Any CPU = Debug|Any CPU
		Release|Any CPU = Release|Any CPU
	EndGlobalSection
	GlobalSection(ProjectConfigurationPlatforms) = postSolution
		{BBFCB33F-56D5-4A60-B902-F6E9200F0CB1}.Debug|Any CPU.ActiveCfg = Debug|Any CPU
		{BBFCB33F-56D5-4A60-B902-F6E9200F0CB1}.Debug|Any CPU.Build.0 = Debug|Any CPU
		{BBFCB33F-56D5-4A60-B902-F6E9200F0CB1}.Release|Any CPU.ActiveCfg = Release|Any CPU
		{BBFCB33F-56D5-4A60-B902-F6E9200F0CB1}.Release|Any CPU.Build.0 = Release|Any CPU
	EndGlobalSection
	GlobalSection(SolutionProperties) = preSolution
		HideSolutionNode = FALSE
	EndGlobalSection
	GlobalSection(ExtensibilityGlobals) = postSolution
		SolutionGuid = {6F86D1DE-6207-494D-B935-E8B75CF534A6}
	EndGlobalSection
EndGlobal
